
Microsoft Visual Studio Solution File, Format Version 12.00
# Visual Studio Version 17
VisualStudioVersion = 17.2.32616.157
MinimumVisualStudioVersion = 10.0.40219.1
Project("{FAE04EC0-301F-11D3-BF4B-00C04F79EFBC}") = "ExerciciosProfRomulo.MatematicaBasica", "ExerciciosProfRomulo.MatematicaBasica\ExerciciosProfRomulo.MatematicaBasica.csproj", "{7CA509DB-68BD-45BE-8067-C4FD2207B579}"
EndProject
Project("{FAE04EC0-301F-11D3-BF4B-00C04F79EFBC}") = "ExerciciosProfRomulo.EscolinhaTicTic", "ExerciciosProfRomulo.EscolinhaTitTic\ExerciciosProfRomulo.EscolinhaTicTic.csproj", "{ACABD0BC-A929-4BD0-9B33-428E7E67FF2C}"
EndProject
Global
	GlobalSection(SolutionConfigurationPlatforms) = preSolution
		Debug|Any CPU = Debug|Any CPU
		Release|Any CPU = Release|Any CPU
	EndGlobalSection
	GlobalSection(ProjectConfigurationPlatforms) = postSolution
		{7CA509DB-68BD-45BE-8067-C4FD2207B579}.Debug|Any CPU.ActiveCfg = Debug|Any CPU
		{7CA509DB-68BD-45BE-8067-C4FD2207B579}.Debug|Any CPU.Build.0 = Debug|Any CPU
		{7CA509DB-68BD-45BE-8067-C4FD2207B579}.Release|Any CPU.ActiveCfg = Release|Any CPU
		{7CA509DB-68BD-45BE-8067-C4FD2207B579}.Release|Any CPU.Build.0 = Release|Any CPU
		{ACABD0BC-A929-4BD0-9B33-428E7E67FF2C}.Debug|Any CPU.ActiveCfg = Debug|Any CPU
		{ACABD0BC-A929-4BD0-9B33-428E7E67FF2C}.Debug|Any CPU.Build.0 = Debug|Any CPU
		{ACABD0BC-A929-4BD0-9B33-428E7E67FF2C}.Release|Any CPU.ActiveCfg = Release|Any CPU
		{ACABD0BC-A929-4BD0-9B33-428E7E67FF2C}.Release|Any CPU.Build.0 = Release|Any CPU
	EndGlobalSection
	GlobalSection(SolutionProperties) = preSolution
		HideSolutionNode = FALSE
	EndGlobalSection
	GlobalSection(ExtensibilityGlobals) = postSolution
		SolutionGuid = {F2813964-807F-4434-843D-33C2E4321308}
	EndGlobalSection
EndGlobal
